
Microsoft Visual Studio Solution File, Format Version 12.00
# Visual Studio Version 17
VisualStudioVersion = 17.14.36414.22 d17.14
MinimumVisualStudioVersion = 10.0.40219.1
Project("{FAE04EC0-301F-11D3-BF4B-00C04F79EFBC}") = "Assignment5.1.3", "Assignment5.1.3.csproj", "{6BE9A522-9AB9-44A8-AF13-23EF313672AD}"
EndProject
Global
	GlobalSection(SolutionConfigurationPlatforms) = preSolution
		Debug|Any CPU = Debug|Any CPU
		Release|Any CPU = Release|Any CPU
	EndGlobalSection
	GlobalSection(ProjectConfigurationPlatforms) = postSolution
		{6BE9A522-9AB9-44A8-AF13-23EF313672AD}.Debug|Any CPU.ActiveCfg = Debug|Any CPU
		{6BE9A522-9AB9-44A8-AF13-23EF313672AD}.Debug|Any CPU.Build.0 = Debug|Any CPU
		{6BE9A522-9AB9-44A8-AF13-23EF313672AD}.Release|Any CPU.ActiveCfg = Release|Any CPU
		{6BE9A522-9AB9-44A8-AF13-23EF313672AD}.Release|Any CPU.Build.0 = Release|Any CPU
	EndGlobalSection
	GlobalSection(SolutionProperties) = preSolution
		HideSolutionNode = FALSE
	EndGlobalSection
	GlobalSection(ExtensibilityGlobals) = postSolution
		SolutionGuid = {E1C3D007-BDF3-442E-AAF0-4FB2B9C679B1}
	EndGlobalSection
EndGlobal
